schema: '2.0'
stages:
  check_metadata:
    cmd: python src/data/pull_raw_metadata.py
  create_files_table:
    cmd: python src/data/create_files_table.py
    params:
      params.yaml:
        create_files_table.last_modified: '2022-11-26T22:35:08.666000+00:00'
  create_contents_table:
    cmd: python src/data/create_contents_table.py
    params:
      params.yaml:
        create_contents_table.last_modified: '2022-11-27T08:13:56.444000+00:00'
